
Microsoft Visual Studio Solution File, Format Version 12.00
# Visual Studio Version 16
VisualStudioVersion = 16.0.30907.101
MinimumVisualStudioVersion = 10.0.40219.1
Project("{FAE04EC0-301F-11D3-BF4B-00C04F79EFBC}") = "DataAccess", "DataAccess\DataAccess.csproj", "{A0EA87CB-F5F0-4083-BEB4-54F02799DA79}"
EndProject
Project("{FAE04EC0-301F-11D3-BF4B-00C04F79EFBC}") = "Business", "Business\Business.csproj", "{385DDBD8-06CB-4CC9-B215-5F414CD81360}"
EndProject
Project("{FAE04EC0-301F-11D3-BF4B-00C04F79EFBC}") = "Entities", "Entities\Entities.csproj", "{298B72EF-DF12-4EE1-A02C-77D10D3D2056}"
EndProject
Project("{FAE04EC0-301F-11D3-BF4B-00C04F79EFBC}") = "UserInterface(-UI-)", "UserInterFace(-UI-)\UserInterface(-UI-).csproj", "{FE001151-C14B-4FD2-84D1-CED126E4FE79}"
EndProject
Project("{FAE04EC0-301F-11D3-BF4B-00C04F79EFBC}") = "Core", "Core\Core.csproj", "{D40A7175-8AEF-49DA-B5EE-1A1D1F2A0D55}"
EndProject
Global
	GlobalSection(SolutionConfigurationPlatforms) = preSolution
		Debug|Any CPU = Debug|Any CPU
		Release|Any CPU = Release|Any CPU
	EndGlobalSection
	GlobalSection(ProjectConfigurationPlatforms) = postSolution
		{A0EA87CB-F5F0-4083-BEB4-54F02799DA79}.Debug|Any CPU.ActiveCfg = Debug|Any CPU
		{A0EA87CB-F5F0-4083-BEB4-54F02799DA79}.Debug|Any CPU.Build.0 = Debug|Any CPU
		{A0EA87CB-F5F0-4083-BEB4-54F02799DA79}.Release|Any CPU.ActiveCfg = Release|Any CPU
		{A0EA87CB-F5F0-4083-BEB4-54F02799DA79}.Release|Any CPU.Build.0 = Release|Any CPU
		{385DDBD8-06CB-4CC9-B215-5F414CD81360}.Debug|Any CPU.ActiveCfg = Debug|Any CPU
		{385DDBD8-06CB-4CC9-B215-5F414CD81360}.Debug|Any CPU.Build.0 = Debug|Any CPU
		{385DDBD8-06CB-4CC9-B215-5F414CD81360}.Release|Any CPU.ActiveCfg = Release|Any CPU
		{385DDBD8-06CB-4CC9-B215-5F414CD81360}.Release|Any CPU.Build.0 = Release|Any CPU
		{298B72EF-DF12-4EE1-A02C-77D10D3D2056}.Debug|Any CPU.ActiveCfg = Debug|Any CPU
		{298B72EF-DF12-4EE1-A02C-77D10D3D2056}.Debug|Any CPU.Build.0 = Debug|Any CPU
		{298B72EF-DF12-4EE1-A02C-77D10D3D2056}.Release|Any CPU.ActiveCfg = Release|Any CPU
		{298B72EF-DF12-4EE1-A02C-77D10D3D2056}.Release|Any CPU.Build.0 = Release|Any CPU
		{FE001151-C14B-4FD2-84D1-CED126E4FE79}.Debug|Any CPU.ActiveCfg = Debug|Any CPU
		{FE001151-C14B-4FD2-84D1-CED126E4FE79}.Debug|Any CPU.Build.0 = Debug|Any CPU
		{FE001151-C14B-4FD2-84D1-CED126E4FE79}.Release|Any CPU.ActiveCfg = Release|Any CPU
		{FE001151-C14B-4FD2-84D1-CED126E4FE79}.Release|Any CPU.Build.0 = Release|Any CPU
		{D40A7175-8AEF-49DA-B5EE-1A1D1F2A0D55}.Debug|Any CPU.ActiveCfg = Debug|Any CPU
		{D40A7175-8AEF-49DA-B5EE-1A1D1F2A0D55}.Debug|Any CPU.Build.0 = Debug|Any CPU
		{D40A7175-8AEF-49DA-B5EE-1A1D1F2A0D55}.Release|Any CPU.ActiveCfg = Release|Any CPU
		{D40A7175-8AEF-49DA-B5EE-1A1D1F2A0D55}.Release|Any CPU.Build.0 = Release|Any CPU
	EndGlobalSection
	GlobalSection(SolutionProperties) = preSolution
		HideSolutionNode = FALSE
	EndGlobalSection
	GlobalSection(ExtensibilityGlobals) = postSolution
		SolutionGuid = {8003139A-1E0F-4A60-A237-213B2C1E49A3}
	EndGlobalSection
EndGlobal
